
Microsoft Visual Studio Solution File, Format Version 12.00
# Visual Studio Version 17
VisualStudioVersion = 17.14.36408.4
MinimumVisualStudioVersion = 10.0.40219.1
Project("{FAE04EC0-301F-11D3-BF4B-00C04F79EFBC}") = "IpAggregation", "IpAggregation.csproj", "{E8AFF096-1D11-4F85-B9E4-53CC8D8A82A9}"
EndProject
Project("{FAE04EC0-301F-11D3-BF4B-00C04F79EFBC}") = "Tests.IpAggregation", "..\Tests.IpAggregation\Tests.IpAggregation.csproj", "{C6F02A44-1589-4A60-A044-B2C429B4B884}"
EndProject
Project("{FAE04EC0-301F-11D3-BF4B-00C04F79EFBC}") = "Benchmark.IpAggregation", "..\Benchmark.IpAggregation\Benchmark.IpAggregation.csproj", "{30595741-69FA-4574-B0A7-77DCDCDA86C4}"
EndProject
Global
	GlobalSection(SolutionConfigurationPlatforms) = preSolution
		Debug|Any CPU = Debug|Any CPU
		Release|Any CPU = Release|Any CPU
	EndGlobalSection
	GlobalSection(ProjectConfigurationPlatforms) = postSolution
		{E8AFF096-1D11-4F85-B9E4-53CC8D8A82A9}.Debug|Any CPU.ActiveCfg = Debug|Any CPU
		{E8AFF096-1D11-4F85-B9E4-53CC8D8A82A9}.Debug|Any CPU.Build.0 = Debug|Any CPU
		{E8AFF096-1D11-4F85-B9E4-53CC8D8A82A9}.Release|Any CPU.ActiveCfg = Release|Any CPU
		{E8AFF096-1D11-4F85-B9E4-53CC8D8A82A9}.Release|Any CPU.Build.0 = Release|Any CPU
		{C6F02A44-1589-4A60-A044-B2C429B4B884}.Debug|Any CPU.ActiveCfg = Debug|Any CPU
		{C6F02A44-1589-4A60-A044-B2C429B4B884}.Debug|Any CPU.Build.0 = Debug|Any CPU
		{C6F02A44-1589-4A60-A044-B2C429B4B884}.Release|Any CPU.ActiveCfg = Release|Any CPU
		{C6F02A44-1589-4A60-A044-B2C429B4B884}.Release|Any CPU.Build.0 = Release|Any CPU
		{30595741-69FA-4574-B0A7-77DCDCDA86C4}.Debug|Any CPU.ActiveCfg = Debug|Any CPU
		{30595741-69FA-4574-B0A7-77DCDCDA86C4}.Debug|Any CPU.Build.0 = Debug|Any CPU
		{30595741-69FA-4574-B0A7-77DCDCDA86C4}.Release|Any CPU.ActiveCfg = Release|Any CPU
		{30595741-69FA-4574-B0A7-77DCDCDA86C4}.Release|Any CPU.Build.0 = Release|Any CPU
	EndGlobalSection
	GlobalSection(SolutionProperties) = preSolution
		HideSolutionNode = FALSE
	EndGlobalSection
	GlobalSection(ExtensibilityGlobals) = postSolution
		SolutionGuid = {0BD5C3F3-C0AC-42A8-9288-86370BB62803}
	EndGlobalSection
EndGlobal
